
Microsoft Visual Studio Solution File, Format Version 12.00
# Visual Studio 2012
Project("{8BC9CEB8-8B4A-11D0-8D11-00A0C91BC942}") = "MusicPlayer", "MusicPlayer\MusicPlayer.vcxproj", "{B876F6A5-3B7E-445B-89EF-320C8EA2951E}"
EndProject
Global
	GlobalSection(SolutionConfigurationPlatforms) = preSolution
		Debug|Win32 = Debug|Win32
		Release|Win32 = Release|Win32
	EndGlobalSection
	GlobalSection(ProjectConfigurationPlatforms) = postSolution
		{B876F6A5-3B7E-445B-89EF-320C8EA2951E}.Debug|Win32.ActiveCfg = Debug|Win32
		{B876F6A5-3B7E-445B-89EF-320C8EA2951E}.Debug|Win32.Build.0 = Debug|Win32
		{B876F6A5-3B7E-445B-89EF-320C8EA2951E}.Release|Win32.ActiveCfg = Release|Win32
		{B876F6A5-3B7E-445B-89EF-320C8EA2951E}.Release|Win32.Build.0 = Release|Win32
	EndGlobalSection
	GlobalSection(SolutionProperties) = preSolution
		HideSolutionNode = FALSE
	EndGlobalSection
EndGlobal
